// !$*UTF8*$!
{
	archiveVersion = 1;
	classes = {
	};
	objectVersion = 50;
	objects = {

/* Begin PBXBuildFile section */
		0BC0CA455934DF26BD3C26EC /* Pods_FarmaTestTests.framework in Frameworks */ = {isa = PBXBuildFile; fileRef = 05F61B80BCA82E7CBAE85E50 /* Pods_FarmaTestTests.framework */; };
		2504A49623DF0BF6003CB483 /* ContactViewModel.swift in Sources */ = {isa = PBXBuildFile; fileRef = 2504A49523DF0BF6003CB483 /* ContactViewModel.swift */; };
		2504A49823DF0F50003CB483 /* StringExtension.swift in Sources */ = {isa = PBXBuildFile; fileRef = 2504A49723DF0F50003CB483 /* StringExtension.swift */; };
		2504A49D23DF1E38003CB483 /* FarmaTest.xcdatamodeld in Sources */ = {isa = PBXBuildFile; fileRef = 2504A49B23DF1E38003CB483 /* FarmaTest.xcdatamodeld */; };
		2547A83A23E1C519008E089F /* NSManagedObjectExtension.swift in Sources */ = {isa = PBXBuildFile; fileRef = 2547A83923E1C519008E089F /* NSManagedObjectExtension.swift */; };
		2590147C23E1C8400001167F /* DatabaseService.swift in Sources */ = {isa = PBXBuildFile; fileRef = 2590147B23E1C8400001167F /* DatabaseService.swift */; };
		2590148723E1C9160001167F /* Name+CoreDataClass.swift in Sources */ = {isa = PBXBuildFile; fileRef = 2547A82523E1BF1F008E089F /* Name+CoreDataClass.swift */; };
		2590148823E1C9160001167F /* Name+CoreDataProperties.swift in Sources */ = {isa = PBXBuildFile; fileRef = 2547A82623E1BF1F008E089F /* Name+CoreDataProperties.swift */; };
		2590148923E1C9160001167F /* Picture+CoreDataClass.swift in Sources */ = {isa = PBXBuildFile; fileRef = 2547A82723E1BF1F008E089F /* Picture+CoreDataClass.swift */; };
		2590148A23E1C9160001167F /* Picture+CoreDataProperties.swift in Sources */ = {isa = PBXBuildFile; fileRef = 2547A82823E1BF1F008E089F /* Picture+CoreDataProperties.swift */; };
		2590148B23E1C9160001167F /* Contact+CoreDataClass.swift in Sources */ = {isa = PBXBuildFile; fileRef = 2547A82923E1BF1F008E089F /* Contact+CoreDataClass.swift */; };
		2590148C23E1C9160001167F /* Contact+CoreDataProperties.swift in Sources */ = {isa = PBXBuildFile; fileRef = 2547A82A23E1BF1F008E089F /* Contact+CoreDataProperties.swift */; };
		2590148D23E1C9160001167F /* Street+CoreDataClass.swift in Sources */ = {isa = PBXBuildFile; fileRef = 2547A82B23E1BF1F008E089F /* Street+CoreDataClass.swift */; };
		2590148E23E1C9160001167F /* Street+CoreDataProperties.swift in Sources */ = {isa = PBXBuildFile; fileRef = 2547A82C23E1BF1F008E089F /* Street+CoreDataProperties.swift */; };
		2590148F23E1C9160001167F /* Location+CoreDataClass.swift in Sources */ = {isa = PBXBuildFile; fileRef = 2547A82D23E1BF1F008E089F /* Location+CoreDataClass.swift */; };
		2590149023E1C9160001167F /* Location+CoreDataProperties.swift in Sources */ = {isa = PBXBuildFile; fileRef = 2547A82E23E1BF1F008E089F /* Location+CoreDataProperties.swift */; };
		25D205A623DDE47C000F435C /* AppDelegate.swift in Sources */ = {isa = PBXBuildFile; fileRef = 25D205A523DDE47C000F435C /* AppDelegate.swift */; };
		25D205AA23DDE47C000F435C /* ViewController.swift in Sources */ = {isa = PBXBuildFile; fileRef = 25D205A923DDE47C000F435C /* ViewController.swift */; };
		25D205AD23DDE47C000F435C /* Main.storyboard in Resources */ = {isa = PBXBuildFile; fileRef = 25D205AB23DDE47C000F435C /* Main.storyboard */; };
		25D205AF23DDE47C000F435C /* Assets.xcassets in Resources */ = {isa = PBXBuildFile; fileRef = 25D205AE23DDE47C000F435C /* Assets.xcassets */; };
		25D205B223DDE47C000F435C /* LaunchScreen.storyboard in Resources */ = {isa = PBXBuildFile; fileRef = 25D205B023DDE47C000F435C /* LaunchScreen.storyboard */; };
		25D205BD23DDE47C000F435C /* FarmaTestTests.swift in Sources */ = {isa = PBXBuildFile; fileRef = 25D205BC23DDE47C000F435C /* FarmaTestTests.swift */; };
		25D205CD23DED4F2000F435C /* ContactsTableViewController.swift in Sources */ = {isa = PBXBuildFile; fileRef = 25D205CC23DED4F2000F435C /* ContactsTableViewController.swift */; };
		25D205CF23DED51A000F435C /* DetailsContactViewController.swift in Sources */ = {isa = PBXBuildFile; fileRef = 25D205CE23DED51A000F435C /* DetailsContactViewController.swift */; };
		25D205D723DED6A8000F435C /* StoryboardExtension.swift in Sources */ = {isa = PBXBuildFile; fileRef = 25D205D623DED6A8000F435C /* StoryboardExtension.swift */; };
/* End PBXBuildFile section */

/* Begin PBXContainerItemProxy section */
		25D205B923DDE47C000F435C /* PBXContainerItemProxy */ = {
			isa = PBXContainerItemProxy;
			containerPortal = 25D2059A23DDE47B000F435C /* Project object */;
			proxyType = 1;
			remoteGlobalIDString = 25D205A123DDE47C000F435C;
			remoteInfo = FarmaTest;
		};
/* End PBXContainerItemProxy section */

/* Begin PBXFileReference section */
		05F61B80BCA82E7CBAE85E50 /* Pods_FarmaTestTests.framework */ = {isa = PBXFileReference; explicitFileType = wrapper.framework; includeInIndex = 0; path = Pods_FarmaTestTests.framework; sourceTree = BUILT_PRODUCTS_DIR; };
		0C0C26FDD5B606795F60DE6E /* Pods-FarmaTest.debug.xcconfig */ = {isa = PBXFileReference; includeInIndex = 1; lastKnownFileType = text.xcconfig; name = "Pods-FarmaTest.debug.xcconfig"; path = "Target Support Files/Pods-FarmaTest/Pods-FarmaTest.debug.xcconfig"; sourceTree = "<group>"; };
		167BC487326A96B97C0C4A6F /* Pods-FarmaTestTests.debug.xcconfig */ = {isa = PBXFileReference; includeInIndex = 1; lastKnownFileType = text.xcconfig; name = "Pods-FarmaTestTests.debug.xcconfig"; path = "Target Support Files/Pods-FarmaTestTests/Pods-FarmaTestTests.debug.xcconfig"; sourceTree = "<group>"; };
		2504A49523DF0BF6003CB483 /* ContactViewModel.swift */ = {isa = PBXFileReference; lastKnownFileType = sourcecode.swift; path = ContactViewModel.swift; sourceTree = "<group>"; };
		2504A49723DF0F50003CB483 /* StringExtension.swift */ = {isa = PBXFileReference; lastKnownFileType = sourcecode.swift; path = StringExtension.swift; sourceTree = "<group>"; };
		2504A49C23DF1E38003CB483 /* FarmaTest.xcdatamodel */ = {isa = PBXFileReference; lastKnownFileType = wrapper.xcdatamodel; path = FarmaTest.xcdatamodel; sourceTree = "<group>"; };
		2547A82523E1BF1F008E089F /* Name+CoreDataClass.swift */ = {isa = PBXFileReference; lastKnownFileType = sourcecode.swift; path = "Name+CoreDataClass.swift"; sourceTree = "<group>"; };
		2547A82623E1BF1F008E089F /* Name+CoreDataProperties.swift */ = {isa = PBXFileReference; lastKnownFileType = sourcecode.swift; path = "Name+CoreDataProperties.swift"; sourceTree = "<group>"; };
		2547A82723E1BF1F008E089F /* Picture+CoreDataClass.swift */ = {isa = PBXFileReference; lastKnownFileType = sourcecode.swift; path = "Picture+CoreDataClass.swift"; sourceTree = "<group>"; };
		2547A82823E1BF1F008E089F /* Picture+CoreDataProperties.swift */ = {isa = PBXFileReference; lastKnownFileType = sourcecode.swift; path = "Picture+CoreDataProperties.swift"; sourceTree = "<group>"; };
		2547A82923E1BF1F008E089F /* Contact+CoreDataClass.swift */ = {isa = PBXFileReference; lastKnownFileType = sourcecode.swift; path = "Contact+CoreDataClass.swift"; sourceTree = "<group>"; };
		2547A82A23E1BF1F008E089F /* Contact+CoreDataProperties.swift */ = {isa = PBXFileReference; lastKnownFileType = sourcecode.swift; path = "Contact+CoreDataProperties.swift"; sourceTree = "<group>"; };
		2547A82B23E1BF1F008E089F /* Street+CoreDataClass.swift */ = {isa = PBXFileReference; lastKnownFileType = sourcecode.swift; path = "Street+CoreDataClass.swift"; sourceTree = "<group>"; };
		2547A82C23E1BF1F008E089F /* Street+CoreDataProperties.swift */ = {isa = PBXFileReference; lastKnownFileType = sourcecode.swift; path = "Street+CoreDataProperties.swift"; sourceTree = "<group>"; };
		2547A82D23E1BF1F008E089F /* Location+CoreDataClass.swift */ = {isa = PBXFileReference; lastKnownFileType = sourcecode.swift; path = "Location+CoreDataClass.swift"; sourceTree = "<group>"; };
		2547A82E23E1BF1F008E089F /* Location+CoreDataProperties.swift */ = {isa = PBXFileReference; lastKnownFileType = sourcecode.swift; path = "Location+CoreDataProperties.swift"; sourceTree = "<group>"; };
		2547A83923E1C519008E089F /* NSManagedObjectExtension.swift */ = {isa = PBXFileReference; lastKnownFileType = sourcecode.swift; path = NSManagedObjectExtension.swift; sourceTree = "<group>"; };
		2590147B23E1C8400001167F /* DatabaseService.swift */ = {isa = PBXFileReference; lastKnownFileType = sourcecode.swift; path = DatabaseService.swift; sourceTree = "<group>"; };
		25D205A223DDE47C000F435C /* FarmaTest.app */ = {isa = PBXFileReference; explicitFileType = wrapper.application; includeInIndex = 0; path = FarmaTest.app; sourceTree = BUILT_PRODUCTS_DIR; };
		25D205A523DDE47C000F435C /* AppDelegate.swift */ = {isa = PBXFileReference; lastKnownFileType = sourcecode.swift; path = AppDelegate.swift; sourceTree = "<group>"; };
		25D205A923DDE47C000F435C /* ViewController.swift */ = {isa = PBXFileReference; lastKnownFileType = sourcecode.swift; path = ViewController.swift; sourceTree = "<group>"; };
		25D205AC23DDE47C000F435C /* Base */ = {isa = PBXFileReference; lastKnownFileType = file.storyboard; name = Base; path = Base.lproj/Main.storyboard; sourceTree = "<group>"; };
		25D205AE23DDE47C000F435C /* Assets.xcassets */ = {isa = PBXFileReference; lastKnownFileType = folder.assetcatalog; path = Assets.xcassets; sourceTree = "<group>"; };
		25D205B123DDE47C000F435C /* Base */ = {isa = PBXFileReference; lastKnownFileType = file.storyboard; name = Base; path = Base.lproj/LaunchScreen.storyboard; sourceTree = "<group>"; };
		25D205B323DDE47C000F435C /* Info.plist */ = {isa = PBXFileReference; lastKnownFileType = text.plist.xml; path = Info.plist; sourceTree = "<group>"; };
		25D205B823DDE47C000F435C /* FarmaTestTests.xctest */ = {isa = PBXFileReference; explicitFileType = wrapper.cfbundle; includeInIndex = 0; path = FarmaTestTests.xctest; sourceTree = BUILT_PRODUCTS_DIR; };
		25D205BC23DDE47C000F435C /* FarmaTestTests.swift */ = {isa = PBXFileReference; lastKnownFileType = sourcecode.swift; path = FarmaTestTests.swift; sourceTree = "<group>"; };
		25D205BE23DDE47D000F435C /* Info.plist */ = {isa = PBXFileReference; lastKnownFileType = text.plist.xml; path = Info.plist; sourceTree = "<group>"; };
		25D205CC23DED4F2000F435C /* ContactsTableViewController.swift */ = {isa = PBXFileReference; lastKnownFileType = sourcecode.swift; path = ContactsTableViewController.swift; sourceTree = "<group>"; };
		25D205CE23DED51A000F435C /* DetailsContactViewController.swift */ = {isa = PBXFileReference; lastKnownFileType = sourcecode.swift; path = DetailsContactViewController.swift; sourceTree = "<group>"; };
		25D205D623DED6A8000F435C /* StoryboardExtension.swift */ = {isa = PBXFileReference; lastKnownFileType = sourcecode.swift; path = StoryboardExtension.swift; sourceTree = "<group>"; };
		91D3A71444386F3BAF094C9C /* Pods-FarmaTest.release.xcconfig */ = {isa = PBXFileReference; includeInIndex = 1; lastKnownFileType = text.xcconfig; name = "Pods-FarmaTest.release.xcconfig"; path = "Target Support Files/Pods-FarmaTest/Pods-FarmaTest.release.xcconfig"; sourceTree = "<group>"; };
		DB87DEC16895F34762A066F6 /* Pods_FarmaTest.framework */ = {isa = PBXFileReference; explicitFileType = wrapper.framework; includeInIndex = 0; path = Pods_FarmaTest.framework; sourceTree = BUILT_PRODUCTS_DIR; };
		DB977357F98E730F8DB6FCC4 /* Pods-FarmaTestTests.release.xcconfig */ = {isa = PBXFileReference; includeInIndex = 1; lastKnownFileType = text.xcconfig; name = "Pods-FarmaTestTests.release.xcconfig"; path = "Target Support Files/Pods-FarmaTestTests/Pods-FarmaTestTests.release.xcconfig"; sourceTree = "<group>"; };
/* End PBXFileReference section */

/* Begin PBXFrameworksBuildPhase section */
		25D2059F23DDE47C000F435C /* Frameworks */ = {
			isa = PBXFrameworksBuildPhase;
			buildActionMask = 2147483647;
			files = (
			);
			runOnlyForDeploymentPostprocessing = 0;
		};
		25D205B523DDE47C000F435C /* Frameworks */ = {
			isa = PBXFrameworksBuildPhase;
			buildActionMask = 2147483647;
			files = (
				0BC0CA455934DF26BD3C26EC /* Pods_FarmaTestTests.framework in Frameworks */,
			);
			runOnlyForDeploymentPostprocessing = 0;
		};
/* End PBXFrameworksBuildPhase section */

/* Begin PBXGroup section */
		2590147A23E1C8330001167F /* Services */ = {
			isa = PBXGroup;
			children = (
				2590147B23E1C8400001167F /* DatabaseService.swift */,
			);
			path = Services;
			sourceTree = "<group>";
		};
		25D2059923DDE47B000F435C = {
			isa = PBXGroup;
			children = (
				25D205A423DDE47C000F435C /* FarmaTest */,
				25D205BB23DDE47C000F435C /* FarmaTestTests */,
				25D205A323DDE47C000F435C /* Products */,
				DA2BD29F9707C10407100A66 /* Pods */,
				434EA3B700D75AA54266BD04 /* Frameworks */,
			);
			sourceTree = "<group>";
		};
		25D205A323DDE47C000F435C /* Products */ = {
			isa = PBXGroup;
			children = (
				25D205A223DDE47C000F435C /* FarmaTest.app */,
				25D205B823DDE47C000F435C /* FarmaTestTests.xctest */,
			);
			name = Products;
			sourceTree = "<group>";
		};
		25D205A423DDE47C000F435C /* FarmaTest */ = {
			isa = PBXGroup;
			children = (
				2590147A23E1C8330001167F /* Services */,
				25D205D523DED69C000F435C /* Extensions */,
				25D205CA23DE1A52000F435C /* Models */,
				25D205C723DE1A19000F435C /* Views */,
				25D205CB23DE1A92000F435C /* ViewModels */,
				25D205A523DDE47C000F435C /* AppDelegate.swift */,
				25D205A923DDE47C000F435C /* ViewController.swift */,
				25D205AE23DDE47C000F435C /* Assets.xcassets */,
				25D205B323DDE47C000F435C /* Info.plist */,
				2504A49B23DF1E38003CB483 /* FarmaTest.xcdatamodeld */,
			);
			path = FarmaTest;
			sourceTree = "<group>";
		};
		25D205BB23DDE47C000F435C /* FarmaTestTests */ = {
			isa = PBXGroup;
			children = (
				25D205BC23DDE47C000F435C /* FarmaTestTests.swift */,
				25D205BE23DDE47D000F435C /* Info.plist */,
			);
			path = FarmaTestTests;
			sourceTree = "<group>";
		};
		25D205C723DE1A19000F435C /* Views */ = {
			isa = PBXGroup;
			children = (
				25D205C923DE1A35000F435C /* ViewControllers */,
				25D205C823DE1A21000F435C /* Storyboards */,
			);
			path = Views;
			sourceTree = "<group>";
		};
		25D205C823DE1A21000F435C /* Storyboards */ = {
			isa = PBXGroup;
			children = (
				25D205B023DDE47C000F435C /* LaunchScreen.storyboard */,
				25D205AB23DDE47C000F435C /* Main.storyboard */,
			);
			path = Storyboards;
			sourceTree = "<group>";
		};
		25D205C923DE1A35000F435C /* ViewControllers */ = {
			isa = PBXGroup;
			children = (
				25D205CC23DED4F2000F435C /* ContactsTableViewController.swift */,
				25D205CE23DED51A000F435C /* DetailsContactViewController.swift */,
			);
			path = ViewControllers;
			sourceTree = "<group>";
		};
		25D205CA23DE1A52000F435C /* Models */ = {
			isa = PBXGroup;
			children = (
				2547A82523E1BF1F008E089F /* Name+CoreDataClass.swift */,
				2547A82623E1BF1F008E089F /* Name+CoreDataProperties.swift */,
				2547A82723E1BF1F008E089F /* Picture+CoreDataClass.swift */,
				2547A82823E1BF1F008E089F /* Picture+CoreDataProperties.swift */,
				2547A82923E1BF1F008E089F /* Contact+CoreDataClass.swift */,
				2547A82A23E1BF1F008E089F /* Contact+CoreDataProperties.swift */,
				2547A82B23E1BF1F008E089F /* Street+CoreDataClass.swift */,
				2547A82C23E1BF1F008E089F /* Street+CoreDataProperties.swift */,
				2547A82D23E1BF1F008E089F /* Location+CoreDataClass.swift */,
				2547A82E23E1BF1F008E089F /* Location+CoreDataProperties.swift */,
			);
			path = Models;
			sourceTree = "<group>";
		};
		25D205CB23DE1A92000F435C /* ViewModels */ = {
			isa = PBXGroup;
			children = (
				2504A49523DF0BF6003CB483 /* ContactViewModel.swift */,
			);
			path = ViewModels;
			sourceTree = "<group>";
		};
		25D205D523DED69C000F435C /* Extensions */ = {
			isa = PBXGroup;
			children = (
				25D205D623DED6A8000F435C /* StoryboardExtension.swift */,
				2504A49723DF0F50003CB483 /* StringExtension.swift */,
				2547A83923E1C519008E089F /* NSManagedObjectExtension.swift */,
			);
			path = Extensions;
			sourceTree = "<group>";
		};
		434EA3B700D75AA54266BD04 /* Frameworks */ = {
			isa = PBXGroup;
			children = (
				DB87DEC16895F34762A066F6 /* Pods_FarmaTest.framework */,
				05F61B80BCA82E7CBAE85E50 /* Pods_FarmaTestTests.framework */,
			);
			name = Frameworks;
			sourceTree = "<group>";
		};
		DA2BD29F9707C10407100A66 /* Pods */ = {
			isa = PBXGroup;
			children = (
				0C0C26FDD5B606795F60DE6E /* Pods-FarmaTest.debug.xcconfig */,
				91D3A71444386F3BAF094C9C /* Pods-FarmaTest.release.xcconfig */,
				167BC487326A96B97C0C4A6F /* Pods-FarmaTestTests.debug.xcconfig */,
				DB977357F98E730F8DB6FCC4 /* Pods-FarmaTestTests.release.xcconfig */,
			);
			path = Pods;
			sourceTree = "<group>";
		};
/* End PBXGroup section */

/* Begin PBXNativeTarget section */
		25D205A123DDE47C000F435C /* FarmaTest */ = {
			isa = PBXNativeTarget;
			buildConfigurationList = 25D205C123DDE47D000F435C /* Build configuration list for PBXNativeTarget "FarmaTest" */;
			buildPhases = (
				F06E17CC3DC8C34D83542165 /* [CP] Check Pods Manifest.lock */,
				25D2059E23DDE47C000F435C /* Sources */,
				25D2059F23DDE47C000F435C /* Frameworks */,
				25D205A023DDE47C000F435C /* Resources */,
			);
			buildRules = (
			);
			dependencies = (
			);
			name = FarmaTest;
			productName = FarmaTest;
			productReference = 25D205A223DDE47C000F435C /* FarmaTest.app */;
			productType = "com.apple.product-type.application";
		};
		25D205B723DDE47C000F435C /* FarmaTestTests */ = {
			isa = PBXNativeTarget;
			buildConfigurationList = 25D205C423DDE47D000F435C /* Build configuration list for PBXNativeTarget "FarmaTestTests" */;
			buildPhases = (
				A7849409030C905B58F5CD98 /* [CP] Check Pods Manifest.lock */,
				25D205B423DDE47C000F435C /* Sources */,
				25D205B523DDE47C000F435C /* Frameworks */,
				25D205B623DDE47C000F435C /* Resources */,
			);
			buildRules = (
			);
			dependencies = (
				25D205BA23DDE47C000F435C /* PBXTargetDependency */,
			);
			name = FarmaTestTests;
			productName = FarmaTestTests;
			productReference = 25D205B823DDE47C000F435C /* FarmaTestTests.xctest */;
			productType = "com.apple.product-type.bundle.unit-test";
		};
/* End PBXNativeTarget section */

/* Begin PBXProject section */
		25D2059A23DDE47B000F435C /* Project object */ = {
			isa = PBXProject;
			attributes = {
				LastSwiftUpdateCheck = 1130;
				LastUpgradeCheck = 1130;
				ORGANIZATIONNAME = "Bartosz Pawełczyk";
				TargetAttributes = {
					25D205A123DDE47C000F435C = {
						CreatedOnToolsVersion = 11.3.1;
					};
					25D205B723DDE47C000F435C = {
						CreatedOnToolsVersion = 11.3.1;
						TestTargetID = 25D205A123DDE47C000F435C;
					};
				};
			};
			buildConfigurationList = 25D2059D23DDE47B000F435C /* Build configuration list for PBXProject "FarmaTest" */;
			compatibilityVersion = "Xcode 9.3";
			developmentRegion = en;
			hasScannedForEncodings = 0;
			knownRegions = (
				en,
				Base,
			);
			mainGroup = 25D2059923DDE47B000F435C;
			productRefGroup = 25D205A323DDE47C000F435C /* Products */;
			projectDirPath = "";
			projectRoot = "";
			targets = (
				25D205A123DDE47C000F435C /* FarmaTest */,
				25D205B723DDE47C000F435C /* FarmaTestTests */,
			);
		};
/* End PBXProject section */

/* Begin PBXResourcesBuildPhase section */
		25D205A023DDE47C000F435C /* Resources */ = {
			isa = PBXResourcesBuildPhase;
			buildActionMask = 2147483647;
			files = (
				25D205B223DDE47C000F435C /* LaunchScreen.storyboard in Resources */,
				25D205AF23DDE47C000F435C /* Assets.xcassets in Resources */,
				25D205AD23DDE47C000F435C /* Main.storyboard in Resources */,
			);
			runOnlyForDeploymentPostprocessing = 0;
		};
		25D205B623DDE47C000F435C /* Resources */ = {
			isa = PBXResourcesBuildPhase;
			buildActionMask = 2147483647;
			files = (
			);
			runOnlyForDeploymentPostprocessing = 0;
		};
/* End PBXResourcesBuildPhase section */

/* Begin PBXShellScriptBuildPhase section */
		A7849409030C905B58F5CD98 /* [CP] Check Pods Manifest.lock */ = {
			isa = PBXShellScriptBuildPhase;
			buildActionMask = 2147483647;
			files = (
			);
			inputFileListPaths = (
			);
			inputPaths = (
				"${PODS_PODFILE_DIR_PATH}/Podfile.lock",
				"${PODS_ROOT}/Manifest.lock",
			);
			name = "[CP] Check Pods Manifest.lock";
			outputFileListPaths = (
			);
			outputPaths = (
				"$(DERIVED_FILE_DIR)/Pods-FarmaTestTests-checkManifestLockResult.txt",
			);
			runOnlyForDeploymentPostprocessing = 0;
			shellPath = /bin/sh;
			shellScript = "diff \"${PODS_PODFILE_DIR_PATH}/Podfile.lock\" \"${PODS_ROOT}/Manifest.lock\" > /dev/null\nif [ $? != 0 ] ; then\n    # print error to STDERR\n    echo \"error: The sandbox is not in sync with the Podfile.lock. Run 'pod install' or update your CocoaPods installation.\" >&2\n    exit 1\nfi\n# This output is used by Xcode 'outputs' to avoid re-running this script phase.\necho \"SUCCESS\" > \"${SCRIPT_OUTPUT_FILE_0}\"\n";
			showEnvVarsInLog = 0;
		};
		F06E17CC3DC8C34D83542165 /* [CP] Check Pods Manifest.lock */ = {
			isa = PBXShellScriptBuildPhase;
			buildActionMask = 2147483647;
			files = (
			);
			inputFileListPaths = (
			);
			inputPaths = (
				"${PODS_PODFILE_DIR_PATH}/Podfile.lock",
				"${PODS_ROOT}/Manifest.lock",
			);
			name = "[CP] Check Pods Manifest.lock";
			outputFileListPaths = (
			);
			outputPaths = (
				"$(DERIVED_FILE_DIR)/Pods-FarmaTest-checkManifestLockResult.txt",
			);
			runOnlyForDeploymentPostprocessing = 0;
			shellPath = /bin/sh;
			shellScript = "diff \"${PODS_PODFILE_DIR_PATH}/Podfile.lock\" \"${PODS_ROOT}/Manifest.lock\" > /dev/null\nif [ $? != 0 ] ; then\n    # print error to STDERR\n    echo \"error: The sandbox is not in sync with the Podfile.lock. Run 'pod install' or update your CocoaPods installation.\" >&2\n    exit 1\nfi\n# This output is used by Xcode 'outputs' to avoid re-running this script phase.\necho \"SUCCESS\" > \"${SCRIPT_OUTPUT_FILE_0}\"\n";
			showEnvVarsInLog = 0;
		};
/* End PBXShellScriptBuildPhase section */

/* Begin PBXSourcesBuildPhase section */
		25D2059E23DDE47C000F435C /* Sources */ = {
			isa = PBXSourcesBuildPhase;
			buildActionMask = 2147483647;
			files = (
				2590148723E1C9160001167F /* Name+CoreDataClass.swift in Sources */,
				2590148823E1C9160001167F /* Name+CoreDataProperties.swift in Sources */,
				2590148923E1C9160001167F /* Picture+CoreDataClass.swift in Sources */,
				2590148A23E1C9160001167F /* Picture+CoreDataProperties.swift in Sources */,
				2590148B23E1C9160001167F /* Contact+CoreDataClass.swift in Sources */,
				2590148C23E1C9160001167F /* Contact+CoreDataProperties.swift in Sources */,
				2590148D23E1C9160001167F /* Street+CoreDataClass.swift in Sources */,
				2590148E23E1C9160001167F /* Street+CoreDataProperties.swift in Sources */,
				2590148F23E1C9160001167F /* Location+CoreDataClass.swift in Sources */,
				2590149023E1C9160001167F /* Location+CoreDataProperties.swift in Sources */,
				2504A49623DF0BF6003CB483 /* ContactViewModel.swift in Sources */,
				25D205AA23DDE47C000F435C /* ViewController.swift in Sources */,
				25D205D723DED6A8000F435C /* StoryboardExtension.swift in Sources */,
				2547A83A23E1C519008E089F /* NSManagedObjectExtension.swift in Sources */,
				25D205A623DDE47C000F435C /* AppDelegate.swift in Sources */,
				25D205CD23DED4F2000F435C /* ContactsTableViewController.swift in Sources */,
				2590147C23E1C8400001167F /* DatabaseService.swift in Sources */,
				2504A49D23DF1E38003CB483 /* FarmaTest.xcdatamodeld in Sources */,
				2504A49823DF0F50003CB483 /* StringExtension.swift in Sources */,
				25D205CF23DED51A000F435C /* DetailsContactViewController.swift in Sources */,
			);
			runOnlyForDeploymentPostprocessing = 0;
		};
		25D205B423DDE47C000F435C /* Sources */ = {
			isa = PBXSourcesBuildPhase;
			buildActionMask = 2147483647;
			files = (
				25D205BD23DDE47C000F435C /* FarmaTestTests.swift in Sources */,
			);
			runOnlyForDeploymentPostprocessing = 0;
		};
/* End PBXSourcesBuildPhase section */

/* Begin PBXTargetDependency section */
		25D205BA23DDE47C000F435C /* PBXTargetDependency */ = {
			isa = PBXTargetDependency;
			target = 25D205A123DDE47C000F435C /* FarmaTest */;
			targetProxy = 25D205B923DDE47C000F435C /* PBXContainerItemProxy */;
		};
/* End PBXTargetDependency section */

/* Begin PBXVariantGroup section */
		25D205AB23DDE47C000F435C /* Main.storyboard */ = {
			isa = PBXVariantGroup;
			children = (
				25D205AC23DDE47C000F435C /* Base */,
			);
			name = Main.storyboard;
			sourceTree = "<group>";
		};
		25D205B023DDE47C000F435C /* LaunchScreen.storyboard */ = {
			isa = PBXVariantGroup;
			children = (
				25D205B123DDE47C000F435C /* Base */,
			);
			name = LaunchScreen.storyboard;
			sourceTree = "<group>";
		};
/* End PBXVariantGroup section */

/* Begin XCBuildConfiguration section */
		25D205BF23DDE47D000F435C /* Debug */ = {
			isa = XCBuildConfiguration;
			buildSettings = {
				ALWAYS_SEARCH_USER_PATHS = NO;
				CLANG_ANALYZER_NONNULL = YES;
				CLANG_ANALYZER_NUMBER_OBJECT_CONVERSION = YES_AGGRESSIVE;
				CLANG_CXX_LANGUAGE_STANDARD = "gnu++14";
				CLANG_CXX_LIBRARY = "libc++";
				CLANG_ENABLE_MODULES = YES;
				CLANG_ENABLE_OBJC_ARC = YES;
				CLANG_ENABLE_OBJC_WEAK = YES;
				CLANG_WARN_BLOCK_CAPTURE_AUTORELEASING = YES;
				CLANG_WARN_BOOL_CONVERSION = YES;
				CLANG_WARN_COMMA = YES;
				CLANG_WARN_CONSTANT_CONVERSION = YES;
				CLANG_WARN_DEPRECATED_OBJC_IMPLEMENTATIONS = YES;
				CLANG_WARN_DIRECT_OBJC_ISA_USAGE = YES_ERROR;
				CLANG_WARN_DOCUMENTATION_COMMENTS = YES;
				CLANG_WARN_EMPTY_BODY = YES;
				CLANG_WARN_ENUM_CONVERSION = YES;
				CLANG_WARN_INFINITE_RECURSION = YES;
				CLANG_WARN_INT_CONVERSION = YES;
				CLANG_WARN_NON_LITERAL_NULL_CONVERSION = YES;
				CLANG_WARN_OBJC_IMPLICIT_RETAIN_SELF = YES;
				CLANG_WARN_OBJC_LITERAL_CONVERSION = YES;
				CLANG_WARN_OBJC_ROOT_CLASS = YES_ERROR;
				CLANG_WARN_RANGE_LOOP_ANALYSIS = YES;
				CLANG_WARN_STRICT_PROTOTYPES = YES;
				CLANG_WARN_SUSPICIOUS_MOVE = YES;
				CLANG_WARN_UNGUARDED_AVAILABILITY = YES_AGGRESSIVE;
				CLANG_WARN_UNREACHABLE_CODE = YES;
				CLANG_WARN__DUPLICATE_METHOD_MATCH = YES;
				COPY_PHASE_STRIP = NO;
				DEBUG_INFORMATION_FORMAT = dwarf;
				ENABLE_STRICT_OBJC_MSGSEND = YES;
				ENABLE_TESTABILITY = YES;
				GCC_C_LANGUAGE_STANDARD = gnu11;
				GCC_DYNAMIC_NO_PIC = NO;
				GCC_NO_COMMON_BLOCKS = YES;
				GCC_OPTIMIZATION_LEVEL = 0;
				GCC_PREPROCESSOR_DEFINITIONS = (
					"DEBUG=1",
					"$(inherited)",
				);
				GCC_WARN_64_TO_32_BIT_CONVERSION = YES;
				GCC_WARN_ABOUT_RETURN_TYPE = YES_ERROR;
				GCC_WARN_UNDECLARED_SELECTOR = YES;
				GCC_WARN_UNINITIALIZED_AUTOS = YES_AGGRESSIVE;
				GCC_WARN_UNUSED_FUNCTION = YES;
				GCC_WARN_UNUSED_VARIABLE = YES;
				IPHONEOS_DEPLOYMENT_TARGET = 13.2;
				MTL_ENABLE_DEBUG_INFO = INCLUDE_SOURCE;
				MTL_FAST_MATH = YES;
				ONLY_ACTIVE_ARCH = YES;
				SDKROOT = iphoneos;
				SWIFT_ACTIVE_COMPILATION_CONDITIONS = DEBUG;
				SWIFT_OPTIMIZATION_LEVEL = "-Onone";
			};
			name = Debug;
		};
		25D205C023DDE47D000F435C /* Release */ = {
			isa = XCBuildConfiguration;
			buildSettings = {
				ALWAYS_SEARCH_USER_PATHS = NO;
				CLANG_ANALYZER_NONNULL = YES;
				CLANG_ANALYZER_NUMBER_OBJECT_CONVERSION = YES_AGGRESSIVE;
				CLANG_CXX_LANGUAGE_STANDARD = "gnu++14";
				CLANG_CXX_LIBRARY = "libc++";
				CLANG_ENABLE_MODULES = YES;
				CLANG_ENABLE_OBJC_ARC = YES;
				CLANG_ENABLE_OBJC_WEAK = YES;
				CLANG_WARN_BLOCK_CAPTURE_AUTORELEASING = YES;
				CLANG_WARN_BOOL_CONVERSION = YES;
				CLANG_WARN_COMMA = YES;
				CLANG_WARN_CONSTANT_CONVERSION = YES;
				CLANG_WARN_DEPRECATED_OBJC_IMPLEMENTATIONS = YES;
				CLANG_WARN_DIRECT_OBJC_ISA_USAGE = YES_ERROR;
				CLANG_WARN_DOCUMENTATION_COMMENTS = YES;
				CLANG_WARN_EMPTY_BODY = YES;
				CLANG_WARN_ENUM_CONVERSION = YES;
				CLANG_WARN_INFINITE_RECURSION = YES;
				CLANG_WARN_INT_CONVERSION = YES;
				CLANG_WARN_NON_LITERAL_NULL_CONVERSION = YES;
				CLANG_WARN_OBJC_IMPLICIT_RETAIN_SELF = YES;
				CLANG_WARN_OBJC_LITERAL_CONVERSION = YES;
				CLANG_WARN_OBJC_ROOT_CLASS = YES_ERROR;
				CLANG_WARN_RANGE_LOOP_ANALYSIS = YES;
				CLANG_WARN_STRICT_PROTOTYPES = YES;
				CLANG_WARN_SUSPICIOUS_MOVE = YES;
				CLANG_WARN_UNGUARDED_AVAILABILITY = YES_AGGRESSIVE;
				CLANG_WARN_UNREACHABLE_CODE = YES;
				CLANG_WARN__DUPLICATE_METHOD_MATCH = YES;
				COPY_PHASE_STRIP = NO;
				DEBUG_INFORMATION_FORMAT = "dwarf-with-dsym";
				ENABLE_NS_ASSERTIONS = NO;
				ENABLE_STRICT_OBJC_MSGSEND = YES;
				GCC_C_LANGUAGE_STANDARD = gnu11;
				GCC_NO_COMMON_BLOCKS = YES;
				GCC_WARN_64_TO_32_BIT_CONVERSION = YES;
				GCC_WARN_ABOUT_RETURN_TYPE = YES_ERROR;
				GCC_WARN_UNDECLARED_SELECTOR = YES;
				GCC_WARN_UNINITIALIZED_AUTOS = YES_AGGRESSIVE;
				GCC_WARN_UNUSED_FUNCTION = YES;
				GCC_WARN_UNUSED_VARIABLE = YES;
				IPHONEOS_DEPLOYMENT_TARGET = 13.2;
				MTL_ENABLE_DEBUG_INFO = NO;
				MTL_FAST_MATH = YES;
				SDKROOT = iphoneos;
				SWIFT_COMPILATION_MODE = wholemodule;
				SWIFT_OPTIMIZATION_LEVEL = "-O";
				VALIDATE_PRODUCT = YES;
			};
			name = Release;
		};
		25D205C223DDE47D000F435C /* Debug */ = {
			isa = XCBuildConfiguration;
			baseConfigurationReference = 0C0C26FDD5B606795F60DE6E /* Pods-FarmaTest.debug.xcconfig */;
			buildSettings = {
				ASSETCATALOG_COMPILER_APPICON_NAME = AppIcon;
				CODE_SIGN_STYLE = Automatic;
				DEVELOPMENT_TEAM = B49P7Y77SE;
				INFOPLIST_FILE = FarmaTest/Info.plist;
				IPHONEOS_DEPLOYMENT_TARGET = 11.0;
				LD_RUNPATH_SEARCH_PATHS = (
					"$(inherited)",
					"@executable_path/Frameworks",
				);
				PRODUCT_BUNDLE_IDENTIFIER = com.test.FarmaTest;
				PRODUCT_NAME = "$(TARGET_NAME)";
				SWIFT_VERSION = 5.0;
				TARGETED_DEVICE_FAMILY = "1,2";
			};
			name = Debug;
		};
		25D205C323DDE47D000F435C /* Release */ = {
			isa = XCBuildConfiguration;
			baseConfigurationReference = 91D3A71444386F3BAF094C9C /* Pods-FarmaTest.release.xcconfig */;
			buildSettings = {
				ASSETCATALOG_COMPILER_APPICON_NAME = AppIcon;
				CODE_SIGN_STYLE = Automatic;
				DEVELOPMENT_TEAM = B49P7Y77SE;
				INFOPLIST_FILE = FarmaTest/Info.plist;
				IPHONEOS_DEPLOYMENT_TARGET = 11.0;
				LD_RUNPATH_SEARCH_PATHS = (
					"$(inherited)",
					"@executable_path/Frameworks",
				);
				PRODUCT_BUNDLE_IDENTIFIER = com.test.FarmaTest;
				PRODUCT_NAME = "$(TARGET_NAME)";
				SWIFT_VERSION = 5.0;
				TARGETED_DEVICE_FAMILY = "1,2";
			};
			name = Release;
		};
		25D205C523DDE47D000F435C /* Debug */ = {
			isa = XCBuildConfiguration;
			baseConfigurationReference = 167BC487326A96B97C0C4A6F /* Pods-FarmaTestTests.debug.xcconfig */;
			buildSettings = {
				ALWAYS_EMBED_SWIFT_STANDARD_LIBRARIES = YES;
				BUNDLE_LOADER = "$(TEST_HOST)";
				CODE_SIGN_STYLE = Automatic;
				DEVELOPMENT_TEAM = B49P7Y77SE;
				INFOPLIST_FILE = FarmaTestTests/Info.plist;
				IPHONEOS_DEPLOYMENT_TARGET = 13.2;
				LD_RUNPATH_SEARCH_PATHS = (
					"$(inherited)",
					"@executable_path/Frameworks",
					"@loader_path/Frameworks",
				);
				PRODUCT_BUNDLE_IDENTIFIER = com.FarmaTestTests;
				PRODUCT_NAME = "$(TARGET_NAME)";
				SWIFT_VERSION = 5.0;
				TARGETED_DEVICE_FAMILY = "1,2";
				TEST_HOST = "$(BUILT_PRODUCTS_DIR)/FarmaTest.app/FarmaTest";
			};
			name = Debug;
		};
		25D205C623DDE47D000F435C /* Release */ = {
			isa = XCBuildConfiguration;
			baseConfigurationReference = DB977357F98E730F8DB6FCC4 /* Pods-FarmaTestTests.release.xcconfig */;
			buildSettings = {
				ALWAYS_EMBED_SWIFT_STANDARD_LIBRARIES = YES;
				BUNDLE_LOADER = "$(TEST_HOST)";
				CODE_SIGN_STYLE = Automatic;
				DEVELOPMENT_TEAM = B49P7Y77SE;
				INFOPLIST_FILE = FarmaTestTests/Info.plist;
				IPHONEOS_DEPLOYMENT_TARGET = 13.2;
				LD_RUNPATH_SEARCH_PATHS = (
					"$(inherited)",
					"@executable_path/Frameworks",
					"@loader_path/Frameworks",
				);
				PRODUCT_BUNDLE_IDENTIFIER = com.FarmaTestTests;
				PRODUCT_NAME = "$(TARGET_NAME)";
				SWIFT_VERSION = 5.0;
				TARGETED_DEVICE_FAMILY = "1,2";
				TEST_HOST = "$(BUILT_PRODUCTS_DIR)/FarmaTest.app/FarmaTest";
			};
			name = Release;
		};
/* End XCBuildConfiguration section */

/* Begin XCConfigurationList section */
		25D2059D23DDE47B000F435C /* Build configuration list for PBXProject "FarmaTest" */ = {
			isa = XCConfigurationList;
			buildConfigurations = (
				25D205BF23DDE47D000F435C /* Debug */,
				25D205C023DDE47D000F435C /* Release */,
			);
			defaultConfigurationIsVisible = 0;
			defaultConfigurationName = Release;
		};
		25D205C123DDE47D000F435C /* Build configuration list for PBXNativeTarget "FarmaTest" */ = {
			isa = XCConfigurationList;
			buildConfigurations = (
				25D205C223DDE47D000F435C /* Debug */,
				25D205C323DDE47D000F435C /* Release */,
			);
			defaultConfigurationIsVisible = 0;
			defaultConfigurationName = Release;
		};
		25D205C423DDE47D000F435C /* Build configuration list for PBXNativeTarget "FarmaTestTests" */ = {
			isa = XCConfigurationList;
			buildConfigurations = (
				25D205C523DDE47D000F435C /* Debug */,
				25D205C623DDE47D000F435C /* Release */,
			);
			defaultConfigurationIsVisible = 0;
			defaultConfigurationName = Release;
		};
/* End XCConfigurationList section */

/* Begin XCVersionGroup section */
		2504A49B23DF1E38003CB483 /* FarmaTest.xcdatamodeld */ = {
			isa = XCVersionGroup;
			children = (
				2504A49C23DF1E38003CB483 /* FarmaTest.xcdatamodel */,
			);
			currentVersion = 2504A49C23DF1E38003CB483 /* FarmaTest.xcdatamodel */;
			path = FarmaTest.xcdatamodeld;
			sourceTree = "<group>";
			versionGroupType = wrapper.xcdatamodel;
		};
/* End XCVersionGroup section */
	};
	rootObject = 25D2059A23DDE47B000F435C /* Project object */;
}
